
Microsoft Visual Studio Solution File, Format Version 12.00
# Visual Studio Version 16
VisualStudioVersion = 16.0.30907.101
MinimumVisualStudioVersion = 10.0.40219.1
Project("{FAE04EC0-301F-11D3-BF4B-00C04F79EFBC}") = "RootOfEquation", "RootOfEquation\RootOfEquation.csproj", "{3A5C54A9-B7AE-4566-B264-E48B8EB34FF6}"
EndProject
Global
	GlobalSection(SolutionConfigurationPlatforms) = preSolution
		Debug|Any CPU = Debug|Any CPU
		Release|Any CPU = Release|Any CPU
	EndGlobalSection
	GlobalSection(ProjectConfigurationPlatforms) = postSolution
		{3A5C54A9-B7AE-4566-B264-E48B8EB34FF6}.Debug|Any CPU.ActiveCfg = Debug|Any CPU
		{3A5C54A9-B7AE-4566-B264-E48B8EB34FF6}.Debug|Any CPU.Build.0 = Debug|Any CPU
		{3A5C54A9-B7AE-4566-B264-E48B8EB34FF6}.Release|Any CPU.ActiveCfg = Release|Any CPU
		{3A5C54A9-B7AE-4566-B264-E48B8EB34FF6}.Release|Any CPU.Build.0 = Release|Any CPU
	EndGlobalSection
	GlobalSection(SolutionProperties) = preSolution
		HideSolutionNode = FALSE
	EndGlobalSection
	GlobalSection(ExtensibilityGlobals) = postSolution
		SolutionGuid = {32DFD520-BD6D-4224-BF57-AE56FDB9B34B}
	EndGlobalSection
EndGlobal
